
Microsoft Visual Studio Solution File, Format Version 12.00
# Visual Studio Version 17
VisualStudioVersion = 17.1.32407.343
MinimumVisualStudioVersion = 10.0.40219.1
Project("{FAE04EC0-301F-11D3-BF4B-00C04F79EFBC}") = "Lamdat.Test.SyncTest", "Lamdat.Test.SyncTest\Lamdat.Test.SyncTest.csproj", "{FAD8754B-714F-45B3-8E2B-871BD8E3F16A}"
EndProject
Global
	GlobalSection(SolutionConfigurationPlatforms) = preSolution
		Debug|Any CPU = Debug|Any CPU
		Release|Any CPU = Release|Any CPU
	EndGlobalSection
	GlobalSection(ProjectConfigurationPlatforms) = postSolution
		{FAD8754B-714F-45B3-8E2B-871BD8E3F16A}.Debug|Any CPU.ActiveCfg = Debug|Any CPU
		{FAD8754B-714F-45B3-8E2B-871BD8E3F16A}.Debug|Any CPU.Build.0 = Debug|Any CPU
		{FAD8754B-714F-45B3-8E2B-871BD8E3F16A}.Release|Any CPU.ActiveCfg = Release|Any CPU
		{FAD8754B-714F-45B3-8E2B-871BD8E3F16A}.Release|Any CPU.Build.0 = Release|Any CPU
	EndGlobalSection
	GlobalSection(SolutionProperties) = preSolution
		HideSolutionNode = FALSE
	EndGlobalSection
	GlobalSection(ExtensibilityGlobals) = postSolution
		SolutionGuid = {FED08BEA-24BE-41C4-93C2-71BDE73E5234}
	EndGlobalSection
EndGlobal
